// !$*UTF8*$!
{
	archiveVersion = 1;
	classes = {
	};
	objectVersion = 46;
	objects = {

/* Begin PBXAggregateTarget section */
		29211572E4BA460FAF4D92B6 /* ZERO_CHECK */ = {
			isa = PBXAggregateTarget;
			buildConfigurationList = A108EE8545834E888ED6482C /* Build configuration list for PBXAggregateTarget "ZERO_CHECK" */;
			buildPhases = (
				BE628331819C45C88B4AB92B /* CMake Rules */,
			);
			dependencies = (
			);
			name = ZERO_CHECK;
			productName = ZERO_CHECK;
		};
		B6843D291B5547529745D24F /* ALL_BUILD */ = {
			isa = PBXAggregateTarget;
			buildConfigurationList = F2C57D1DF1A44A3286E3C9B1 /* Build configuration list for PBXAggregateTarget "ALL_BUILD" */;
			buildPhases = (
				9A8953E705EE486FB166818A /* CMake Rules */,
			);
			dependencies = (
				716CDD342D87486B9718F698 /* PBXTargetDependency */,
				8BBBAF886B6E47F7B0CA954F /* PBXTargetDependency */,
			);
			name = ALL_BUILD;
			productName = ALL_BUILD;
		};
/* End PBXAggregateTarget section */

/* Begin PBXBuildFile section */
		87A35044494342C6BBB30EDD /* /Users/polina/Desktop/Practice/LAB_4/LAB_4/main.c */ = {isa = PBXBuildFile; fileRef = F280B684BE654BBCAEC0D357 /* /Users/polina/Desktop/Practice/LAB_4/LAB_4/main.c */; };
		A62A1ECB621D48519CDC2F78 /* /Users/polina/Desktop/Practice/LAB_4/LAB_4/CMakeLists.txt */ = {isa = PBXBuildFile; fileRef = 31DEABD0697E4E56957DD84C /* /Users/polina/Desktop/Practice/LAB_4/LAB_4/CMakeLists.txt */; };
/* End PBXBuildFile section */

/* Begin PBXBuildStyle section */
		392943222C7A4D56B0C69140 /* Release */ = {
			isa = PBXBuildStyle;
			buildSettings = {
				COPY_PHASE_STRIP = NO;
			};
			name = Release;
		};
		48B0F57A88754B2A8036F453 /* Debug */ = {
			isa = PBXBuildStyle;
			buildSettings = {
				COPY_PHASE_STRIP = NO;
			};
			name = Debug;
		};
		EFABE04841444CBB8D669B30 /* MinSizeRel */ = {
			isa = PBXBuildStyle;
			buildSettings = {
				COPY_PHASE_STRIP = NO;
			};
			name = MinSizeRel;
		};
		F389036C74E444239C3BF6A7 /* RelWithDebInfo */ = {
			isa = PBXBuildStyle;
			buildSettings = {
				COPY_PHASE_STRIP = NO;
			};
			name = RelWithDebInfo;
		};
/* End PBXBuildStyle section */

/* Begin PBXContainerItemProxy section */
		2ED2CF73AD054CB287F46BE8 /* PBXContainerItemProxy */ = {
			isa = PBXContainerItemProxy;
			containerPortal = 7F483908C80C4F0B874A8C5B /* Project object */;
			proxyType = 1;
			remoteGlobalIDString = 29211572E4BA460FAF4D92B6;
			remoteInfo = ZERO_CHECK;
		};
		3C050EBFDC134943924AEB7D /* PBXContainerItemProxy */ = {
			isa = PBXContainerItemProxy;
			containerPortal = 7F483908C80C4F0B874A8C5B /* Project object */;
			proxyType = 1;
			remoteGlobalIDString = 29211572E4BA460FAF4D92B6;
			remoteInfo = ZERO_CHECK;
		};
		FDBFAAE1FB7C4E7CA54972C2 /* PBXContainerItemProxy */ = {
			isa = PBXContainerItemProxy;
			containerPortal = 7F483908C80C4F0B874A8C5B /* Project object */;
			proxyType = 1;
			remoteGlobalIDString = CB5EC888111A44C39AC4C0F4;
			remoteInfo = LAB_4;
		};
/* End PBXContainerItemProxy section */

/* Begin PBXFileReference section */
		31DEABD0697E4E56957DD84C /* /Users/polina/Desktop/Practice/LAB_4/LAB_4/CMakeLists.txt */ = {isa = PBXFileReference; explicitFileType = sourcecode.text; fileEncoding = 4; name = CMakeLists.txt; path = CMakeLists.txt; sourceTree = SOURCE_ROOT; };
		8A48336BF60C4BEA8E8F1D73 /* /Users/polina/Desktop/Practice/LAB_4/LAB_4/CMakeLists.txt */ = {isa = PBXFileReference; explicitFileType = sourcecode.text; fileEncoding = 4; name = CMakeLists.txt; path = CMakeLists.txt; sourceTree = SOURCE_ROOT; };
		D1BBFB2C2B6C41BA813AA110 /* LAB_4 */ = {isa = PBXFileReference; explicitFileType = "compiled.mach-o.executable"; path = LAB_4; sourceTree = BUILT_PRODUCTS_DIR; };
		F280B684BE654BBCAEC0D357 /* /Users/polina/Desktop/Practice/LAB_4/LAB_4/main.c */ = {isa = PBXFileReference; explicitFileType = sourcecode.c.c; fileEncoding = 4; name = main.c; path = main.c; sourceTree = SOURCE_ROOT; };
/* End PBXFileReference section */

/* Begin PBXGroup section */
		3C67486980504AC093AD1CF6 = {
			isa = PBXGroup;
			children = (
				BC7CA90872B3496796A8AA69 /* LAB_4 */,
				3DEE9F0DC31E4C009002D199 /* ALL_BUILD */,
				EE560838CA454AECBA406962 /* Products */,
			);
			sourceTree = "<group>";
		};
		3DEE9F0DC31E4C009002D199 /* ALL_BUILD */ = {
			isa = PBXGroup;
			children = (
				9CF79ECE608E4D36BDDF2D0C /* CMake Rules */,
				8A48336BF60C4BEA8E8F1D73 /* /Users/polina/Desktop/Practice/LAB_4/LAB_4/CMakeLists.txt */,
			);
			name = ALL_BUILD;
			sourceTree = "<group>";
		};
		9CF79ECE608E4D36BDDF2D0C /* CMake Rules */ = {
			isa = PBXGroup;
			children = (
			);
			name = "CMake Rules";
			sourceTree = "<group>";
		};
		BC7CA90872B3496796A8AA69 /* LAB_4 */ = {
			isa = PBXGroup;
			children = (
				F40F58C35E3347FC987AB9D0 /* Source Files */,
				31DEABD0697E4E56957DD84C /* /Users/polina/Desktop/Practice/LAB_4/LAB_4/CMakeLists.txt */,
			);
			name = LAB_4;
			sourceTree = "<group>";
		};
		EE560838CA454AECBA406962 /* Products */ = {
			isa = PBXGroup;
			children = (
				D1BBFB2C2B6C41BA813AA110 /* LAB_4 */,
			);
			name = Products;
			sourceTree = "<group>";
		};
		F40F58C35E3347FC987AB9D0 /* Source Files */ = {
			isa = PBXGroup;
			children = (
				F280B684BE654BBCAEC0D357 /* /Users/polina/Desktop/Practice/LAB_4/LAB_4/main.c */,
			);
			name = "Source Files";
			sourceTree = "<group>";
		};
/* End PBXGroup section */

/* Begin PBXNativeTarget section */
		CB5EC888111A44C39AC4C0F4 /* LAB_4 */ = {
			isa = PBXNativeTarget;
			buildConfigurationList = 8095412DE5D649F7B50577D7 /* Build configuration list for PBXNativeTarget "LAB_4" */;
			buildPhases = (
				A61196ED1D904BB99B18A06B /* Sources */,
			);
			buildRules = (
			);
			dependencies = (
				97A61CC276654EE7A6D202B2 /* PBXTargetDependency */,
			);
			name = LAB_4;
			productName = LAB_4;
			productReference = D1BBFB2C2B6C41BA813AA110 /* LAB_4 */;
			productType = "com.apple.product-type.tool";
		};
/* End PBXNativeTarget section */

/* Begin PBXProject section */
		7F483908C80C4F0B874A8C5B /* Project object */ = {
			isa = PBXProject;
			attributes = {
				BuildIndependentTargetsInParallel = YES;
				LastUpgradeCheck = 1020;
			};
			buildConfigurationList = 6ED940426A9345F997D082D7 /* Build configuration list for PBXProject "LAB_4" */;
			buildSettings = {
			};
			buildStyles = (
				48B0F57A88754B2A8036F453 /* Debug */,
				392943222C7A4D56B0C69140 /* Release */,
				EFABE04841444CBB8D669B30 /* MinSizeRel */,
				F389036C74E444239C3BF6A7 /* RelWithDebInfo */,
			);
			compatibilityVersion = "Xcode 3.2";
			hasScannedForEncodings = 0;
			mainGroup = 3C67486980504AC093AD1CF6;
			projectDirPath = .;
			projectRoot = "";
			targets = (
				B6843D291B5547529745D24F /* ALL_BUILD */,
				CB5EC888111A44C39AC4C0F4 /* LAB_4 */,
				29211572E4BA460FAF4D92B6 /* ZERO_CHECK */,
			);
		};
/* End PBXProject section */

/* Begin PBXShellScriptBuildPhase section */
		36BCB428D4E9447084FDC770 = {
			isa = PBXShellScriptBuildPhase;
			buildActionMask = 2147483647;
			files = (
			);
			inputPaths = (
			);
			outputPaths = (
			);
			runOnlyForDeploymentPostprocessing = 0;
			shellPath = /bin/sh;
			shellScript = "# shell script goes here
exit 0";
			showEnvVarsInLog = 0;
		};
		9A8953E705EE486FB166818A /* CMake Rules */ = {
			isa = PBXShellScriptBuildPhase;
			buildActionMask = 2147483647;
			files = (
			);
			name = "CMake Rules";
			runOnlyForDeploymentPostprocessing = 0;
			shellPath = /bin/sh;
			shellScript = "make -C /Users/polina/Desktop/Practice/LAB_4/LAB_4 -f /Users/polina/Desktop/Practice/LAB_4/LAB_4/CMakeScripts/ALL_BUILD_cmakeRulesBuildPhase.make$CONFIGURATION OBJDIR=$(basename \"$OBJECT_FILE_DIR_normal\") all";
			showEnvVarsInLog = 0;
		};
		AA2FCB939B1B416F9872E828 = {
			isa = PBXShellScriptBuildPhase;
			buildActionMask = 2147483647;
			files = (
			);
			inputPaths = (
			);
			outputPaths = (
			);
			runOnlyForDeploymentPostprocessing = 0;
			shellPath = /bin/sh;
			shellScript = "# shell script goes here
exit 0";
			showEnvVarsInLog = 0;
		};
		BE628331819C45C88B4AB92B /* CMake Rules */ = {
			isa = PBXShellScriptBuildPhase;
			buildActionMask = 2147483647;
			files = (
			);
			name = "CMake Rules";
			runOnlyForDeploymentPostprocessing = 0;
			shellPath = /bin/sh;
			shellScript = "make -C /Users/polina/Desktop/Practice/LAB_4/LAB_4 -f /Users/polina/Desktop/Practice/LAB_4/LAB_4/CMakeScripts/ZERO_CHECK_cmakeRulesBuildPhase.make$CONFIGURATION OBJDIR=$(basename \"$OBJECT_FILE_DIR_normal\") all";
			showEnvVarsInLog = 0;
		};
/* End PBXShellScriptBuildPhase section */

/* Begin PBXSourcesBuildPhase section */
		A61196ED1D904BB99B18A06B /* Sources */ = {
			isa = PBXSourcesBuildPhase;
			buildActionMask = 2147483647;
			files = (
				87A35044494342C6BBB30EDD /* /Users/polina/Desktop/Practice/LAB_4/LAB_4/main.c */,
			);
			runOnlyForDeploymentPostprocessing = 0;
		};
/* End PBXSourcesBuildPhase section */

/* Begin PBXTargetDependency section */
		716CDD342D87486B9718F698 /* PBXTargetDependency */ = {
			isa = PBXTargetDependency;
			target = 29211572E4BA460FAF4D92B6 /* ZERO_CHECK */;
			targetProxy = 2ED2CF73AD054CB287F46BE8 /* PBXContainerItemProxy */;
		};
		8BBBAF886B6E47F7B0CA954F /* PBXTargetDependency */ = {
			isa = PBXTargetDependency;
			target = CB5EC888111A44C39AC4C0F4 /* LAB_4 */;
			targetProxy = FDBFAAE1FB7C4E7CA54972C2 /* PBXContainerItemProxy */;
		};
		97A61CC276654EE7A6D202B2 /* PBXTargetDependency */ = {
			isa = PBXTargetDependency;
			target = 29211572E4BA460FAF4D92B6 /* ZERO_CHECK */;
			targetProxy = 3C050EBFDC134943924AEB7D /* PBXContainerItemProxy */;
		};
/* End PBXTargetDependency section */

/* Begin XCBuildConfiguration section */
		19E855FDC0C14B40BDD35A2C /* Release */ = {
			isa = XCBuildConfiguration;
			buildSettings = {
				COMBINE_HIDPI_IMAGES = YES;
				GCC_GENERATE_DEBUGGING_SYMBOLS = YES;
				GCC_INLINES_ARE_PRIVATE_EXTERN = NO;
				GCC_OPTIMIZATION_LEVEL = 0;
				GCC_PREPROCESSOR_DEFINITIONS = ("'CMAKE_INTDIR=\"$(CONFIGURATION)$(EFFECTIVE_PLATFORM_NAME)\"'");
				GCC_SYMBOLS_PRIVATE_EXTERN = NO;
				INSTALL_PATH = "";
				OTHER_LDFLAGS = " ";
				OTHER_REZFLAGS = "";
				PRODUCT_NAME = ALL_BUILD;
				SECTORDER_FLAGS = "";
				SYMROOT = /Users/polina/Desktop/Practice/LAB_4/LAB_4;
				USE_HEADERMAP = NO;
				WARNING_CFLAGS = ("-Wmost","-Wno-four-char-constants","-Wno-unknown-pragmas","$(inherited)");
			};
			name = Release;
		};
		3D2BE75A76FA4C72BF7CC17F /* Release */ = {
			isa = XCBuildConfiguration;
			buildSettings = {
				COMBINE_HIDPI_IMAGES = YES;
				EXECUTABLE_PREFIX = "";
				EXECUTABLE_SUFFIX = "";
				GCC_GENERATE_DEBUGGING_SYMBOLS = NO;
				GCC_INLINES_ARE_PRIVATE_EXTERN = NO;
				GCC_OPTIMIZATION_LEVEL = 3;
				GCC_PREPROCESSOR_DEFINITIONS = ("'CMAKE_INTDIR=\"$(CONFIGURATION)$(EFFECTIVE_PLATFORM_NAME)\"'");
				GCC_SYMBOLS_PRIVATE_EXTERN = NO;
				INSTALL_PATH = "";
				LIBRARY_SEARCH_PATHS = "";
				OTHER_CFLAGS = "    -DNDEBUG  ";
				OTHER_LDFLAGS = " -Wl,-search_paths_first -Wl,-headerpad_max_install_names  ";
				OTHER_REZFLAGS = "";
				PRODUCT_NAME = LAB_4;
				SECTORDER_FLAGS = "";
				SYMROOT = /Users/polina/Desktop/Practice/LAB_4/LAB_4;
				USE_HEADERMAP = NO;
				WARNING_CFLAGS = ("-Wmost","-Wno-four-char-constants","-Wno-unknown-pragmas","$(inherited)");
			};
			name = Release;
		};
		4AE584E22E334B998C6F37ED /* Release */ = {
			isa = XCBuildConfiguration;
			buildSettings = {
				ONLY_ACTIVE_ARCH = YES;
				SDKROOT = /Applications/Xcode.app/Contents/Developer/Platforms/MacOSX.platform/Developer/SDKs/MacOSX10.14.sdk;
				SYMROOT = /Users/polina/Desktop/Practice/LAB_4/LAB_4/build;
			};
			name = Release;
		};
		4EB49216CA814BD9923A8DC0 /* Debug */ = {
			isa = XCBuildConfiguration;
			buildSettings = {
				COMBINE_HIDPI_IMAGES = YES;
				GCC_GENERATE_DEBUGGING_SYMBOLS = YES;
				GCC_INLINES_ARE_PRIVATE_EXTERN = NO;
				GCC_OPTIMIZATION_LEVEL = 0;
				GCC_PREPROCESSOR_DEFINITIONS = ("'CMAKE_INTDIR=\"$(CONFIGURATION)$(EFFECTIVE_PLATFORM_NAME)\"'");
				GCC_SYMBOLS_PRIVATE_EXTERN = NO;
				INSTALL_PATH = "";
				OTHER_LDFLAGS = " ";
				OTHER_REZFLAGS = "";
				PRODUCT_NAME = ALL_BUILD;
				SECTORDER_FLAGS = "";
				SYMROOT = /Users/polina/Desktop/Practice/LAB_4/LAB_4;
				USE_HEADERMAP = NO;
				WARNING_CFLAGS = ("-Wmost","-Wno-four-char-constants","-Wno-unknown-pragmas","$(inherited)");
			};
			name = Debug;
		};
		751AF8B93F294328823997B6 /* RelWithDebInfo */ = {
			isa = XCBuildConfiguration;
			buildSettings = {
				COMBINE_HIDPI_IMAGES = YES;
				EXECUTABLE_PREFIX = "";
				EXECUTABLE_SUFFIX = "";
				GCC_GENERATE_DEBUGGING_SYMBOLS = YES;
				GCC_INLINES_ARE_PRIVATE_EXTERN = NO;
				GCC_OPTIMIZATION_LEVEL = 2;
				GCC_PREPROCESSOR_DEFINITIONS = ("'CMAKE_INTDIR=\"$(CONFIGURATION)$(EFFECTIVE_PLATFORM_NAME)\"'");
				GCC_SYMBOLS_PRIVATE_EXTERN = NO;
				INSTALL_PATH = "";
				LIBRARY_SEARCH_PATHS = "";
				OTHER_CFLAGS = "       -DNDEBUG  ";
				OTHER_LDFLAGS = " -Wl,-search_paths_first -Wl,-headerpad_max_install_names  ";
				OTHER_REZFLAGS = "";
				PRODUCT_NAME = LAB_4;
				SECTORDER_FLAGS = "";
				SYMROOT = /Users/polina/Desktop/Practice/LAB_4/LAB_4;
				USE_HEADERMAP = NO;
				WARNING_CFLAGS = ("-Wmost","-Wno-four-char-constants","-Wno-unknown-pragmas","$(inherited)");
			};
			name = RelWithDebInfo;
		};
		9932D8CA8DD7493B98167CD7 /* RelWithDebInfo */ = {
			isa = XCBuildConfiguration;
			buildSettings = {
				ONLY_ACTIVE_ARCH = YES;
				SDKROOT = /Applications/Xcode.app/Contents/Developer/Platforms/MacOSX.platform/Developer/SDKs/MacOSX10.14.sdk;
				SYMROOT = /Users/polina/Desktop/Practice/LAB_4/LAB_4/build;
			};
			name = RelWithDebInfo;
		};
		9B3DAFBFD7C0437B8EE05A04 /* Debug */ = {
			isa = XCBuildConfiguration;
			buildSettings = {
				ONLY_ACTIVE_ARCH = YES;
				SDKROOT = /Applications/Xcode.app/Contents/Developer/Platforms/MacOSX.platform/Developer/SDKs/MacOSX10.14.sdk;
				SYMROOT = /Users/polina/Desktop/Practice/LAB_4/LAB_4/build;
			};
			name = Debug;
		};
		ADBA3A8CB65D4C66A9AD05FC /* RelWithDebInfo */ = {
			isa = XCBuildConfiguration;
			buildSettings = {
				COMBINE_HIDPI_IMAGES = YES;
				GCC_GENERATE_DEBUGGING_SYMBOLS = YES;
				GCC_INLINES_ARE_PRIVATE_EXTERN = NO;
				GCC_OPTIMIZATION_LEVEL = 0;
				GCC_PREPROCESSOR_DEFINITIONS = ("'CMAKE_INTDIR=\"$(CONFIGURATION)$(EFFECTIVE_PLATFORM_NAME)\"'");
				GCC_SYMBOLS_PRIVATE_EXTERN = NO;
				INSTALL_PATH = "";
				OTHER_LDFLAGS = " ";
				OTHER_REZFLAGS = "";
				PRODUCT_NAME = ALL_BUILD;
				SECTORDER_FLAGS = "";
				SYMROOT = /Users/polina/Desktop/Practice/LAB_4/LAB_4;
				USE_HEADERMAP = NO;
				WARNING_CFLAGS = ("-Wmost","-Wno-four-char-constants","-Wno-unknown-pragmas","$(inherited)");
			};
			name = RelWithDebInfo;
		};
		ADF3B71C932F4D64B0DDD4C5 /* MinSizeRel */ = {
			isa = XCBuildConfiguration;
			buildSettings = {
				COMBINE_HIDPI_IMAGES = YES;
				GCC_GENERATE_DEBUGGING_SYMBOLS = YES;
				GCC_INLINES_ARE_PRIVATE_EXTERN = NO;
				GCC_OPTIMIZATION_LEVEL = 0;
				GCC_PREPROCESSOR_DEFINITIONS = ("'CMAKE_INTDIR=\"$(CONFIGURATION)$(EFFECTIVE_PLATFORM_NAME)\"'");
				GCC_SYMBOLS_PRIVATE_EXTERN = NO;
				INSTALL_PATH = "";
				OTHER_LDFLAGS = " ";
				OTHER_REZFLAGS = "";
				PRODUCT_NAME = ZERO_CHECK;
				SECTORDER_FLAGS = "";
				SYMROOT = /Users/polina/Desktop/Practice/LAB_4/LAB_4;
				USE_HEADERMAP = NO;
				WARNING_CFLAGS = ("-Wmost","-Wno-four-char-constants","-Wno-unknown-pragmas","$(inherited)");
			};
			name = MinSizeRel;
		};
		B1471E4781CC470998747061 /* MinSizeRel */ = {
			isa = XCBuildConfiguration;
			buildSettings = {
				COMBINE_HIDPI_IMAGES = YES;
				GCC_GENERATE_DEBUGGING_SYMBOLS = YES;
				GCC_INLINES_ARE_PRIVATE_EXTERN = NO;
				GCC_OPTIMIZATION_LEVEL = 0;
				GCC_PREPROCESSOR_DEFINITIONS = ("'CMAKE_INTDIR=\"$(CONFIGURATION)$(EFFECTIVE_PLATFORM_NAME)\"'");
				GCC_SYMBOLS_PRIVATE_EXTERN = NO;
				INSTALL_PATH = "";
				OTHER_LDFLAGS = " ";
				OTHER_REZFLAGS = "";
				PRODUCT_NAME = ALL_BUILD;
				SECTORDER_FLAGS = "";
				SYMROOT = /Users/polina/Desktop/Practice/LAB_4/LAB_4;
				USE_HEADERMAP = NO;
				WARNING_CFLAGS = ("-Wmost","-Wno-four-char-constants","-Wno-unknown-pragmas","$(inherited)");
			};
			name = MinSizeRel;
		};
		C076F390FB7D4B15BA000F35 /* Debug */ = {
			isa = XCBuildConfiguration;
			buildSettings = {
				COMBINE_HIDPI_IMAGES = YES;
				GCC_GENERATE_DEBUGGING_SYMBOLS = YES;
				GCC_INLINES_ARE_PRIVATE_EXTERN = NO;
				GCC_OPTIMIZATION_LEVEL = 0;
				GCC_PREPROCESSOR_DEFINITIONS = ("'CMAKE_INTDIR=\"$(CONFIGURATION)$(EFFECTIVE_PLATFORM_NAME)\"'");
				GCC_SYMBOLS_PRIVATE_EXTERN = NO;
				INSTALL_PATH = "";
				OTHER_LDFLAGS = " ";
				OTHER_REZFLAGS = "";
				PRODUCT_NAME = ZERO_CHECK;
				SECTORDER_FLAGS = "";
				SYMROOT = /Users/polina/Desktop/Practice/LAB_4/LAB_4;
				USE_HEADERMAP = NO;
				WARNING_CFLAGS = ("-Wmost","-Wno-four-char-constants","-Wno-unknown-pragmas","$(inherited)");
			};
			name = Debug;
		};
		D651844CE7B140B0A6ED6827 /* RelWithDebInfo */ = {
			isa = XCBuildConfiguration;
			buildSettings = {
				COMBINE_HIDPI_IMAGES = YES;
				GCC_GENERATE_DEBUGGING_SYMBOLS = YES;
				GCC_INLINES_ARE_PRIVATE_EXTERN = NO;
				GCC_OPTIMIZATION_LEVEL = 0;
				GCC_PREPROCESSOR_DEFINITIONS = ("'CMAKE_INTDIR=\"$(CONFIGURATION)$(EFFECTIVE_PLATFORM_NAME)\"'");
				GCC_SYMBOLS_PRIVATE_EXTERN = NO;
				INSTALL_PATH = "";
				OTHER_LDFLAGS = " ";
				OTHER_REZFLAGS = "";
				PRODUCT_NAME = ZERO_CHECK;
				SECTORDER_FLAGS = "";
				SYMROOT = /Users/polina/Desktop/Practice/LAB_4/LAB_4;
				USE_HEADERMAP = NO;
				WARNING_CFLAGS = ("-Wmost","-Wno-four-char-constants","-Wno-unknown-pragmas","$(inherited)");
			};
			name = RelWithDebInfo;
		};
		F76EC3D8DDBC40C78E3727E2 /* MinSizeRel */ = {
			isa = XCBuildConfiguration;
			buildSettings = {
				ONLY_ACTIVE_ARCH = YES;
				SDKROOT = /Applications/Xcode.app/Contents/Developer/Platforms/MacOSX.platform/Developer/SDKs/MacOSX10.14.sdk;
				SYMROOT = /Users/polina/Desktop/Practice/LAB_4/LAB_4/build;
			};
			name = MinSizeRel;
		};
		FAF132B904664D8D81B5CE7D /* MinSizeRel */ = {
			isa = XCBuildConfiguration;
			buildSettings = {
				COMBINE_HIDPI_IMAGES = YES;
				EXECUTABLE_PREFIX = "";
				EXECUTABLE_SUFFIX = "";
				GCC_GENERATE_DEBUGGING_SYMBOLS = NO;
				GCC_INLINES_ARE_PRIVATE_EXTERN = NO;
				GCC_OPTIMIZATION_LEVEL = s;
				GCC_PREPROCESSOR_DEFINITIONS = ("'CMAKE_INTDIR=\"$(CONFIGURATION)$(EFFECTIVE_PLATFORM_NAME)\"'");
				GCC_SYMBOLS_PRIVATE_EXTERN = NO;
				INSTALL_PATH = "";
				LIBRARY_SEARCH_PATHS = "";
				OTHER_CFLAGS = "    -DNDEBUG  ";
				OTHER_LDFLAGS = " -Wl,-search_paths_first -Wl,-headerpad_max_install_names  ";
				OTHER_REZFLAGS = "";
				PRODUCT_NAME = LAB_4;
				SECTORDER_FLAGS = "";
				SYMROOT = /Users/polina/Desktop/Practice/LAB_4/LAB_4;
				USE_HEADERMAP = NO;
				WARNING_CFLAGS = ("-Wmost","-Wno-four-char-constants","-Wno-unknown-pragmas","$(inherited)");
			};
			name = MinSizeRel;
		};
		FD02D32A6D7F40FFBE2658A4 /* Debug */ = {
			isa = XCBuildConfiguration;
			buildSettings = {
				COMBINE_HIDPI_IMAGES = YES;
				EXECUTABLE_PREFIX = "";
				EXECUTABLE_SUFFIX = "";
				GCC_GENERATE_DEBUGGING_SYMBOLS = YES;
				GCC_INLINES_ARE_PRIVATE_EXTERN = NO;
				GCC_OPTIMIZATION_LEVEL = 0;
				GCC_PREPROCESSOR_DEFINITIONS = ("'CMAKE_INTDIR=\"$(CONFIGURATION)$(EFFECTIVE_PLATFORM_NAME)\"'");
				GCC_SYMBOLS_PRIVATE_EXTERN = NO;
				INSTALL_PATH = "";
				LIBRARY_SEARCH_PATHS = "";
				OTHER_CFLAGS = "    ";
				OTHER_LDFLAGS = " -Wl,-search_paths_first -Wl,-headerpad_max_install_names  ";
				OTHER_REZFLAGS = "";
				PRODUCT_NAME = LAB_4;
				SECTORDER_FLAGS = "";
				SYMROOT = /Users/polina/Desktop/Practice/LAB_4/LAB_4;
				USE_HEADERMAP = NO;
				WARNING_CFLAGS = ("-Wmost","-Wno-four-char-constants","-Wno-unknown-pragmas","$(inherited)");
			};
			name = Debug;
		};
		FE985D1D25CC49759A8B2FEF /* Release */ = {
			isa = XCBuildConfiguration;
			buildSettings = {
				COMBINE_HIDPI_IMAGES = YES;
				GCC_GENERATE_DEBUGGING_SYMBOLS = YES;
				GCC_INLINES_ARE_PRIVATE_EXTERN = NO;
				GCC_OPTIMIZATION_LEVEL = 0;
				GCC_PREPROCESSOR_DEFINITIONS = ("'CMAKE_INTDIR=\"$(CONFIGURATION)$(EFFECTIVE_PLATFORM_NAME)\"'");
				GCC_SYMBOLS_PRIVATE_EXTERN = NO;
				INSTALL_PATH = "";
				OTHER_LDFLAGS = " ";
				OTHER_REZFLAGS = "";
				PRODUCT_NAME = ZERO_CHECK;
				SECTORDER_FLAGS = "";
				SYMROOT = /Users/polina/Desktop/Practice/LAB_4/LAB_4;
				USE_HEADERMAP = NO;
				WARNING_CFLAGS = ("-Wmost","-Wno-four-char-constants","-Wno-unknown-pragmas","$(inherited)");
			};
			name = Release;
		};
/* End XCBuildConfiguration section */

/* Begin XCConfigurationList section */
		6ED940426A9345F997D082D7 /* Build configuration list for PBXProject "LAB_4" */ = {
			isa = XCConfigurationList;
			buildConfigurations = (
				9B3DAFBFD7C0437B8EE05A04 /* Debug */,
				4AE584E22E334B998C6F37ED /* Release */,
				F76EC3D8DDBC40C78E3727E2 /* MinSizeRel */,
				9932D8CA8DD7493B98167CD7 /* RelWithDebInfo */,
			);
			defaultConfigurationIsVisible = 0;
			defaultConfigurationName = Debug;
		};
		8095412DE5D649F7B50577D7 /* Build configuration list for PBXNativeTarget "LAB_4" */ = {
			isa = XCConfigurationList;
			buildConfigurations = (
				FD02D32A6D7F40FFBE2658A4 /* Debug */,
				3D2BE75A76FA4C72BF7CC17F /* Release */,
				FAF132B904664D8D81B5CE7D /* MinSizeRel */,
				751AF8B93F294328823997B6 /* RelWithDebInfo */,
			);
			defaultConfigurationIsVisible = 0;
			defaultConfigurationName = Debug;
		};
		A108EE8545834E888ED6482C /* Build configuration list for PBXAggregateTarget "ZERO_CHECK" */ = {
			isa = XCConfigurationList;
			buildConfigurations = (
				C076F390FB7D4B15BA000F35 /* Debug */,
				FE985D1D25CC49759A8B2FEF /* Release */,
				ADF3B71C932F4D64B0DDD4C5 /* MinSizeRel */,
				D651844CE7B140B0A6ED6827 /* RelWithDebInfo */,
			);
			defaultConfigurationIsVisible = 0;
			defaultConfigurationName = Debug;
		};
		F2C57D1DF1A44A3286E3C9B1 /* Build configuration list for PBXAggregateTarget "ALL_BUILD" */ = {
			isa = XCConfigurationList;
			buildConfigurations = (
				4EB49216CA814BD9923A8DC0 /* Debug */,
				19E855FDC0C14B40BDD35A2C /* Release */,
				B1471E4781CC470998747061 /* MinSizeRel */,
				ADBA3A8CB65D4C66A9AD05FC /* RelWithDebInfo */,
			);
			defaultConfigurationIsVisible = 0;
			defaultConfigurationName = Debug;
		};
/* End XCConfigurationList section */
	};
	rootObject = 7F483908C80C4F0B874A8C5B /* Project object */;
}
